PODS:
  - iBeaconManager (0.1.0)
  - KeychainSwift (13.0.0)

DEPENDENCIES:
  - iBeaconManager (= 0.1.0)
  - KeychainSwift (~> 13.0)

SPEC REPOS:
  https://github.com/cocoapods/specs.git:
    - iBeaconManager
    - KeychainSwift

SPEC CHECKSUMS:
  iBeaconManager: 24b93a45f18271574877074faa64eacb4ad6349e
  KeychainSwift: 23d6c16cbc33f20fafa30c3d783241b4b87d998c

PODFILE CHECKSUM: 0c076dc1f54b0c3ae1c8cc018390dfd4a68c1258

COCOAPODS: 1.6.0.beta.2
