PODS:
  - iBeaconManager (0.1.0)
  - KeychainSwift (13.0.0)
  - Kingfisher (4.10.1)
  - NVActivityIndicatorView (4.5.1):
    - NVActivityIndicatorView/Presenter (= 4.5.1)
  - NVActivityIndicatorView/Presenter (4.5.1)

DEPENDENCIES:
  - iBeaconManager (= 0.1.0)
  - KeychainSwift (~> 13.0)
  - Kingfisher (~> 4.10.1)
  - NVActivityIndicatorView

SPEC REPOS:
  https://github.com/cocoapods/specs.git:
    - iBeaconManager
    - KeychainSwift
    - Kingfisher
    - NVActivityIndicatorView

SPEC CHECKSUMS:
  iBeaconManager: 24b93a45f18271574877074faa64eacb4ad6349e
  KeychainSwift: 23d6c16cbc33f20fafa30c3d783241b4b87d998c
  Kingfisher: c148cd7b47ebde9989f6bc7c27dcaa79d81279a0
  NVActivityIndicatorView: ec34a7b88c51fab270004a1a1f32116e711010cd

PODFILE CHECKSUM: 4aebefb94c3abc8edf969196fa087ca33730684b

COCOAPODS: 1.6.0.beta.2
