PODS:
  - iBeaconManager (0.1.0)
  - KeychainSwift (13.0.0)
  - ReachabilitySwift (4.3.0)

DEPENDENCIES:
  - iBeaconManager (= 0.1.0)
  - KeychainSwift (~> 13.0)
  - ReachabilitySwift

SPEC REPOS:
  https://github.com/cocoapods/specs.git:
    - iBeaconManager
    - KeychainSwift
    - ReachabilitySwift

SPEC CHECKSUMS:
  iBeaconManager: 24b93a45f18271574877074faa64eacb4ad6349e
  KeychainSwift: 23d6c16cbc33f20fafa30c3d783241b4b87d998c
  ReachabilitySwift: 408477d1b6ed9779dba301953171e017c31241f3

PODFILE CHECKSUM: e5b58f639207ed01432cfd659b79d7f1b577f06b

COCOAPODS: 1.5.3
