// !$*UTF8*$!
{
	archiveVersion = 1;
	classes = {
	};
	objectVersion = 50;
	objects = {

/* Begin PBXBuildFile section */
		2019D7592163E6D500F8AB25 /* GeofenceServices.swift in Sources */ = {isa = PBXBuildFile; fileRef = 2019D7582163E6D500F8AB25 /* GeofenceServices.swift */; };
		20587CD7214AE00F004B60A2 /* Beacon.swift in Sources */ = {isa = PBXBuildFile; fileRef = 20587CD6214AE00F004B60A2 /* Beacon.swift */; };
		20587CD9214AE0D0004B60A2 /* User.swift in Sources */ = {isa = PBXBuildFile; fileRef = 20587CD8214AE0D0004B60A2 /* User.swift */; };
		20587CDB214AE159004B60A2 /* Attendance.swift in Sources */ = {isa = PBXBuildFile; fileRef = 20587CDA214AE159004B60A2 /* Attendance.swift */; };
		20587CDE214AE35F004B60A2 /* NetworkManager.swift in Sources */ = {isa = PBXBuildFile; fileRef = 20587CDD214AE35F004B60A2 /* NetworkManager.swift */; };
		20587CE0214AE3F8004B60A2 /* BeaconServices.swift in Sources */ = {isa = PBXBuildFile; fileRef = 20587CDF214AE3F8004B60A2 /* BeaconServices.swift */; };
		205EC0E9215AA6DE00B40141 /* Constant.swift in Sources */ = {isa = PBXBuildFile; fileRef = 205EC0E8215AA6DE00B40141 /* Constant.swift */; };
		209DB947214B0FDB00D81ABD /* AttendanceServices.swift in Sources */ = {isa = PBXBuildFile; fileRef = 209DB946214B0FDB00D81ABD /* AttendanceServices.swift */; };
		209DB948214B0FDB00D81ABD /* AttendanceServices.swift in Sources */ = {isa = PBXBuildFile; fileRef = 209DB946214B0FDB00D81ABD /* AttendanceServices.swift */; };
		209DB94E214B117300D81ABD /* Date+Extensions.swift in Sources */ = {isa = PBXBuildFile; fileRef = 209DB94A214B117200D81ABD /* Date+Extensions.swift */; };
		209DB950214B117300D81ABD /* viewControllers.swift in Sources */ = {isa = PBXBuildFile; fileRef = 209DB94B214B117200D81ABD /* viewControllers.swift */; };
		209DB952214B117300D81ABD /* UIColor+Extension.swift in Sources */ = {isa = PBXBuildFile; fileRef = 209DB94C214B117200D81ABD /* UIColor+Extension.swift */; };
		209DB954214B117300D81ABD /* String+Extensions.swift in Sources */ = {isa = PBXBuildFile; fileRef = 209DB94D214B117200D81ABD /* String+Extensions.swift */; };
		20A0E5D52152EB4B00F0F049 /* UserServices.swift in Sources */ = {isa = PBXBuildFile; fileRef = 20A0E5D42152EB4B00F0F049 /* UserServices.swift */; };
		20AC1BEB2141A19200E05465 /* AppDelegate.swift in Sources */ = {isa = PBXBuildFile; fileRef = 20AC1BEA2141A19200E05465 /* AppDelegate.swift */; };
		20AC1BF02141A19200E05465 /* Main.storyboard in Resources */ = {isa = PBXBuildFile; fileRef = 20AC1BEE2141A19200E05465 /* Main.storyboard */; };
		20AC1BF22141A19200E05465 /* Assets.xcassets in Resources */ = {isa = PBXBuildFile; fileRef = 20AC1BF12141A19200E05465 /* Assets.xcassets */; };
		20AC1BF52141A19200E05465 /* LaunchScreen.storyboard in Resources */ = {isa = PBXBuildFile; fileRef = 20AC1BF32141A19200E05465 /* LaunchScreen.storyboard */; };
		20AC1C002141A19200E05465 /* companionTests.swift in Sources */ = {isa = PBXBuildFile; fileRef = 20AC1BFF2141A19200E05465 /* companionTests.swift */; };
		29722AE8C16C7AD82FA9683B /* Pods_companionTests.framework in Frameworks */ = {isa = PBXBuildFile; fileRef = 8F8B4D8E5DD97F1D8F368A6D /* Pods_companionTests.framework */; };
		80074E2C2149BE7800AA684C /* ScanBeaconController.swift in Sources */ = {isa = PBXBuildFile; fileRef = 80074E2B2149BE7800AA684C /* ScanBeaconController.swift */; };
		80074E2F2149CA6900AA684C /* UIView+Extension.swift in Sources */ = {isa = PBXBuildFile; fileRef = 80074E2E2149CA6900AA684C /* UIView+Extension.swift */; };
		800BBE7D214C29BD006E96CC /* BeaconView.swift in Sources */ = {isa = PBXBuildFile; fileRef = 800BBE7C214C29BD006E96CC /* BeaconView.swift */; };
		802806DA214CCE19009CC42B /* LogHistoryController.swift in Sources */ = {isa = PBXBuildFile; fileRef = 802806D9214CCE19009CC42B /* LogHistoryController.swift */; };
		802806DC214CD020009CC42B /* LogHistoryCell.swift in Sources */ = {isa = PBXBuildFile; fileRef = 802806DB214CD020009CC42B /* LogHistoryCell.swift */; };
		A9E31D75F6C4D30DC27D0DB4 /* Pods_companion.framework in Frameworks */ = {isa = PBXBuildFile; fileRef = 2B457FBFF3BF354D54C2DFD3 /* Pods_companion.framework */; };
/* End PBXBuildFile section */

/* Begin PBXContainerItemProxy section */
		20AC1BFC2141A19200E05465 /* PBXContainerItemProxy */ = {
			isa = PBXContainerItemProxy;
			containerPortal = 20AC1BDF2141A19200E05465 /* Project object */;
			proxyType = 1;
			remoteGlobalIDString = 20AC1BE62141A19200E05465;
			remoteInfo = companion;
		};
/* End PBXContainerItemProxy section */

/* Begin PBXFileReference section */
		1F1DF813115A5D40E7E32482 /* Pods-companionTests.release.xcconfig */ = {isa = PBXFileReference; includeInIndex = 1; lastKnownFileType = text.xcconfig; name = "Pods-companionTests.release.xcconfig"; path = "Pods/Target Support Files/Pods-companionTests/Pods-companionTests.release.xcconfig"; sourceTree = "<group>"; };
		2019D7582163E6D500F8AB25 /* GeofenceServices.swift */ = {isa = PBXFileReference; lastKnownFileType = sourcecode.swift; path = GeofenceServices.swift; sourceTree = "<group>"; };
		20587CD6214AE00F004B60A2 /* Beacon.swift */ = {isa = PBXFileReference; lastKnownFileType = sourcecode.swift; path = Beacon.swift; sourceTree = "<group>"; };
		20587CD8214AE0D0004B60A2 /* User.swift */ = {isa = PBXFileReference; lastKnownFileType = sourcecode.swift; path = User.swift; sourceTree = "<group>"; };
		20587CDA214AE159004B60A2 /* Attendance.swift */ = {isa = PBXFileReference; lastKnownFileType = sourcecode.swift; path = Attendance.swift; sourceTree = "<group>"; };
		20587CDD214AE35F004B60A2 /* NetworkManager.swift */ = {isa = PBXFileReference; lastKnownFileType = sourcecode.swift; path = NetworkManager.swift; sourceTree = "<group>"; };
		20587CDF214AE3F8004B60A2 /* BeaconServices.swift */ = {isa = PBXFileReference; lastKnownFileType = sourcecode.swift; path = BeaconServices.swift; sourceTree = "<group>"; };
		205EC0E8215AA6DE00B40141 /* Constant.swift */ = {isa = PBXFileReference; lastKnownFileType = sourcecode.swift; path = Constant.swift; sourceTree = "<group>"; };
		209DB946214B0FDB00D81ABD /* AttendanceServices.swift */ = {isa = PBXFileReference; lastKnownFileType = sourcecode.swift; path = AttendanceServices.swift; sourceTree = "<group>"; };
		209DB94A214B117200D81ABD /* Date+Extensions.swift */ = {isa = PBXFileReference; fileEncoding = 4; lastKnownFileType = sourcecode.swift; path = "Date+Extensions.swift"; sourceTree = "<group>"; };
		209DB94B214B117200D81ABD /* viewControllers.swift */ = {isa = PBXFileReference; fileEncoding = 4; lastKnownFileType = sourcecode.swift; path = viewControllers.swift; sourceTree = "<group>"; };
		209DB94C214B117200D81ABD /* UIColor+Extension.swift */ = {isa = PBXFileReference; fileEncoding = 4; lastKnownFileType = sourcecode.swift; path = "UIColor+Extension.swift"; sourceTree = "<group>"; };
		209DB94D214B117200D81ABD /* String+Extensions.swift */ = {isa = PBXFileReference; fileEncoding = 4; lastKnownFileType = sourcecode.swift; path = "String+Extensions.swift"; sourceTree = "<group>"; };
		20A0E5D42152EB4B00F0F049 /* UserServices.swift */ = {isa = PBXFileReference; fileEncoding = 4; lastKnownFileType = sourcecode.swift; path = UserServices.swift; sourceTree = "<group>"; };
		20AC1BE72141A19200E05465 /* companion.app */ = {isa = PBXFileReference; explicitFileType = wrapper.application; includeInIndex = 0; path = companion.app; sourceTree = BUILT_PRODUCTS_DIR; };
		20AC1BEA2141A19200E05465 /* AppDelegate.swift */ = {isa = PBXFileReference; lastKnownFileType = sourcecode.swift; path = AppDelegate.swift; sourceTree = "<group>"; };
		20AC1BEF2141A19200E05465 /* Base */ = {isa = PBXFileReference; lastKnownFileType = file.storyboard; name = Base; path = Base.lproj/Main.storyboard; sourceTree = "<group>"; };
		20AC1BF12141A19200E05465 /* Assets.xcassets */ = {isa = PBXFileReference; lastKnownFileType = folder.assetcatalog; path = Assets.xcassets; sourceTree = "<group>"; };
		20AC1BF42141A19200E05465 /* Base */ = {isa = PBXFileReference; lastKnownFileType = file.storyboard; name = Base; path = Base.lproj/LaunchScreen.storyboard; sourceTree = "<group>"; };
		20AC1BF62141A19200E05465 /* Info.plist */ = {isa = PBXFileReference; lastKnownFileType = text.plist.xml; path = Info.plist; sourceTree = "<group>"; };
		20AC1BFB2141A19200E05465 /* companionTests.xctest */ = {isa = PBXFileReference; explicitFileType = wrapper.cfbundle; includeInIndex = 0; path = companionTests.xctest; sourceTree = BUILT_PRODUCTS_DIR; };
		20AC1BFF2141A19200E05465 /* companionTests.swift */ = {isa = PBXFileReference; lastKnownFileType = sourcecode.swift; path = companionTests.swift; sourceTree = "<group>"; };
		20AC1C012141A19200E05465 /* Info.plist */ = {isa = PBXFileReference; lastKnownFileType = text.plist.xml; path = Info.plist; sourceTree = "<group>"; };
		2B457FBFF3BF354D54C2DFD3 /* Pods_companion.framework */ = {isa = PBXFileReference; explicitFileType = wrapper.framework; includeInIndex = 0; path = Pods_companion.framework; sourceTree = BUILT_PRODUCTS_DIR; };
		61F83C0A19417ECCBF8797EF /* Pods-companion.release.xcconfig */ = {isa = PBXFileReference; includeInIndex = 1; lastKnownFileType = text.xcconfig; name = "Pods-companion.release.xcconfig"; path = "Pods/Target Support Files/Pods-companion/Pods-companion.release.xcconfig"; sourceTree = "<group>"; };
		80074E2B2149BE7800AA684C /* ScanBeaconController.swift */ = {isa = PBXFileReference; lastKnownFileType = sourcecode.swift; path = ScanBeaconController.swift; sourceTree = "<group>"; };
		80074E2E2149CA6900AA684C /* UIView+Extension.swift */ = {isa = PBXFileReference; lastKnownFileType = sourcecode.swift; path = "UIView+Extension.swift"; sourceTree = "<group>"; };
		800BBE7C214C29BD006E96CC /* BeaconView.swift */ = {isa = PBXFileReference; lastKnownFileType = sourcecode.swift; path = BeaconView.swift; sourceTree = "<group>"; };
		802806D9214CCE19009CC42B /* LogHistoryController.swift */ = {isa = PBXFileReference; lastKnownFileType = sourcecode.swift; path = LogHistoryController.swift; sourceTree = "<group>"; };
		802806DB214CD020009CC42B /* LogHistoryCell.swift */ = {isa = PBXFileReference; lastKnownFileType = sourcecode.swift; path = LogHistoryCell.swift; sourceTree = "<group>"; };
		8F8B4D8E5DD97F1D8F368A6D /* Pods_companionTests.framework */ = {isa = PBXFileReference; explicitFileType = wrapper.framework; includeInIndex = 0; path = Pods_companionTests.framework; sourceTree = BUILT_PRODUCTS_DIR; };
		90A30F77EE29664E0E42FF24 /* Pods-companion.debug.xcconfig */ = {isa = PBXFileReference; includeInIndex = 1; lastKnownFileType = text.xcconfig; name = "Pods-companion.debug.xcconfig"; path = "Pods/Target Support Files/Pods-companion/Pods-companion.debug.xcconfig"; sourceTree = "<group>"; };
		B997025132705622CE816D75 /* Pods-companionTests.debug.xcconfig */ = {isa = PBXFileReference; includeInIndex = 1; lastKnownFileType = text.xcconfig; name = "Pods-companionTests.debug.xcconfig"; path = "Pods/Target Support Files/Pods-companionTests/Pods-companionTests.debug.xcconfig"; sourceTree = "<group>"; };
/* End PBXFileReference section */

/* Begin PBXFrameworksBuildPhase section */
		20AC1BE42141A19200E05465 /* Frameworks */ = {
			isa = PBXFrameworksBuildPhase;
			buildActionMask = 2147483647;
			files = (
				A9E31D75F6C4D30DC27D0DB4 /* Pods_companion.framework in Frameworks */,
			);
			runOnlyForDeploymentPostprocessing = 0;
		};
		20AC1BF82141A19200E05465 /* Frameworks */ = {
			isa = PBXFrameworksBuildPhase;
			buildActionMask = 2147483647;
			files = (
				29722AE8C16C7AD82FA9683B /* Pods_companionTests.framework in Frameworks */,
			);
			runOnlyForDeploymentPostprocessing = 0;
		};
/* End PBXFrameworksBuildPhase section */

/* Begin PBXGroup section */
		20587CD4214ADFED004B60A2 /* Services */ = {
			isa = PBXGroup;
			children = (
				20A0E5D42152EB4B00F0F049 /* UserServices.swift */,
				20587CDF214AE3F8004B60A2 /* BeaconServices.swift */,
				209DB946214B0FDB00D81ABD /* AttendanceServices.swift */,
				2019D7582163E6D500F8AB25 /* GeofenceServices.swift */,
			);
			path = Services;
			sourceTree = "<group>";
		};
		20587CD5214ADFFA004B60A2 /* Models */ = {
			isa = PBXGroup;
			children = (
				20587CD6214AE00F004B60A2 /* Beacon.swift */,
				20587CD8214AE0D0004B60A2 /* User.swift */,
				20587CDA214AE159004B60A2 /* Attendance.swift */,
			);
			path = Models;
			sourceTree = "<group>";
		};
		20587CDC214AE2CD004B60A2 /* Network */ = {
			isa = PBXGroup;
			children = (
				20587CDD214AE35F004B60A2 /* NetworkManager.swift */,
			);
			path = Network;
			sourceTree = "<group>";
		};
		20AC1BDE2141A19200E05465 = {
			isa = PBXGroup;
			children = (
				20AC1BE92141A19200E05465 /* companion */,
				20AC1BFE2141A19200E05465 /* companionTests */,
				20AC1BE82141A19200E05465 /* Products */,
				700FD44F78450DFCA74B3217 /* Pods */,
				78C3D1617761E1CA1BC00088 /* Frameworks */,
			);
			sourceTree = "<group>";
		};
		20AC1BE82141A19200E05465 /* Products */ = {
			isa = PBXGroup;
			children = (
				20AC1BE72141A19200E05465 /* companion.app */,
				20AC1BFB2141A19200E05465 /* companionTests.xctest */,
			);
			name = Products;
			sourceTree = "<group>";
		};
		20AC1BE92141A19200E05465 /* companion */ = {
			isa = PBXGroup;
			children = (
				80FE0BEB214E481200459A64 /* Support Files */,
				80FE0BEA214E47F500459A64 /* Storyboards */,
				800BBE7B214C298A006E96CC /* Views */,
				80074E2D2149CA2700AA684C /* Extensions */,
				80074E272149BD2500AA684C /* Controllers */,
				20587CDC214AE2CD004B60A2 /* Network */,
				20587CD5214ADFFA004B60A2 /* Models */,
				20587CD4214ADFED004B60A2 /* Services */,
				20AC1BF12141A19200E05465 /* Assets.xcassets */,
			);
			path = companion;
			sourceTree = "<group>";
		};
		20AC1BFE2141A19200E05465 /* companionTests */ = {
			isa = PBXGroup;
			children = (
				20AC1BFF2141A19200E05465 /* companionTests.swift */,
				20AC1C012141A19200E05465 /* Info.plist */,
			);
			path = companionTests;
			sourceTree = "<group>";
		};
		700FD44F78450DFCA74B3217 /* Pods */ = {
			isa = PBXGroup;
			children = (
				90A30F77EE29664E0E42FF24 /* Pods-companion.debug.xcconfig */,
				61F83C0A19417ECCBF8797EF /* Pods-companion.release.xcconfig */,
				B997025132705622CE816D75 /* Pods-companionTests.debug.xcconfig */,
				1F1DF813115A5D40E7E32482 /* Pods-companionTests.release.xcconfig */,
			);
			name = Pods;
			sourceTree = "<group>";
		};
		78C3D1617761E1CA1BC00088 /* Frameworks */ = {
			isa = PBXGroup;
			children = (
				2B457FBFF3BF354D54C2DFD3 /* Pods_companion.framework */,
				8F8B4D8E5DD97F1D8F368A6D /* Pods_companionTests.framework */,
			);
			name = Frameworks;
			sourceTree = "<group>";
		};
		80074E272149BD2500AA684C /* Controllers */ = {
			isa = PBXGroup;
			children = (
				80074E2B2149BE7800AA684C /* ScanBeaconController.swift */,
				802806D9214CCE19009CC42B /* LogHistoryController.swift */,
			);
			path = Controllers;
			sourceTree = "<group>";
		};
		80074E2D2149CA2700AA684C /* Extensions */ = {
			isa = PBXGroup;
			children = (
				80074E2E2149CA6900AA684C /* UIView+Extension.swift */,
				209DB94A214B117200D81ABD /* Date+Extensions.swift */,
				209DB94D214B117200D81ABD /* String+Extensions.swift */,
				209DB94C214B117200D81ABD /* UIColor+Extension.swift */,
				209DB94B214B117200D81ABD /* viewControllers.swift */,
			);
			path = Extensions;
			sourceTree = "<group>";
		};
		800BBE7B214C298A006E96CC /* Views */ = {
			isa = PBXGroup;
			children = (
				800BBE7C214C29BD006E96CC /* BeaconView.swift */,
				802806DB214CD020009CC42B /* LogHistoryCell.swift */,
			);
			path = Views;
			sourceTree = "<group>";
		};
		80FE0BEA214E47F500459A64 /* Storyboards */ = {
			isa = PBXGroup;
			children = (
				20AC1BEE2141A19200E05465 /* Main.storyboard */,
				20AC1BF32141A19200E05465 /* LaunchScreen.storyboard */,
			);
			path = Storyboards;
			sourceTree = "<group>";
		};
		80FE0BEB214E481200459A64 /* Support Files */ = {
			isa = PBXGroup;
			children = (
				20AC1BEA2141A19200E05465 /* AppDelegate.swift */,
				20AC1BF62141A19200E05465 /* Info.plist */,
				205EC0E8215AA6DE00B40141 /* Constant.swift */,
			);
			path = "Support Files";
			sourceTree = "<group>";
		};
/* End PBXGroup section */

/* Begin PBXNativeTarget section */
		20AC1BE62141A19200E05465 /* companion */ = {
			isa = PBXNativeTarget;
			buildConfigurationList = 20AC1C042141A19200E05465 /* Build configuration list for PBXNativeTarget "companion" */;
			buildPhases = (
				A3C743A34A3C939714ADF487 /* [CP] Check Pods Manifest.lock */,
				20AC1BE32141A19200E05465 /* Sources */,
				20AC1BE42141A19200E05465 /* Frameworks */,
				20AC1BE52141A19200E05465 /* Resources */,
				D4933477A92250BF951A9941 /* [CP] Embed Pods Frameworks */,
			);
			buildRules = (
			);
			dependencies = (
			);
			name = companion;
			productName = companion;
			productReference = 20AC1BE72141A19200E05465 /* companion.app */;
			productType = "com.apple.product-type.application";
		};
		20AC1BFA2141A19200E05465 /* companionTests */ = {
			isa = PBXNativeTarget;
			buildConfigurationList = 20AC1C072141A19200E05465 /* Build configuration list for PBXNativeTarget "companionTests" */;
			buildPhases = (
				DE84C9807F5A557D3B3FCB04 /* [CP] Check Pods Manifest.lock */,
				20AC1BF72141A19200E05465 /* Sources */,
				20AC1BF82141A19200E05465 /* Frameworks */,
				20AC1BF92141A19200E05465 /* Resources */,
			);
			buildRules = (
			);
			dependencies = (
				20AC1BFD2141A19200E05465 /* PBXTargetDependency */,
			);
			name = companionTests;
			productName = companionTests;
			productReference = 20AC1BFB2141A19200E05465 /* companionTests.xctest */;
			productType = "com.apple.product-type.bundle.unit-test";
		};
/* End PBXNativeTarget section */

/* Begin PBXProject section */
		20AC1BDF2141A19200E05465 /* Project object */ = {
			isa = PBXProject;
			attributes = {
				LastSwiftUpdateCheck = 0940;
				LastUpgradeCheck = 0940;
				ORGANIZATIONNAME = "Yves Songolo";
				TargetAttributes = {
					20AC1BE62141A19200E05465 = {
						CreatedOnToolsVersion = 9.4.1;
					};
					20AC1BFA2141A19200E05465 = {
						CreatedOnToolsVersion = 9.4.1;
						TestTargetID = 20AC1BE62141A19200E05465;
					};
				};
			};
			buildConfigurationList = 20AC1BE22141A19200E05465 /* Build configuration list for PBXProject "companion" */;
			compatibilityVersion = "Xcode 9.3";
			developmentRegion = en;
			hasScannedForEncodings = 0;
			knownRegions = (
				en,
				Base,
			);
			mainGroup = 20AC1BDE2141A19200E05465;
			productRefGroup = 20AC1BE82141A19200E05465 /* Products */;
			projectDirPath = "";
			projectRoot = "";
			targets = (
				20AC1BE62141A19200E05465 /* companion */,
				20AC1BFA2141A19200E05465 /* companionTests */,
			);
		};
/* End PBXProject section */

/* Begin PBXResourcesBuildPhase section */
		20AC1BE52141A19200E05465 /* Resources */ = {
			isa = PBXResourcesBuildPhase;
			buildActionMask = 2147483647;
			files = (
				20AC1BF52141A19200E05465 /* LaunchScreen.storyboard in Resources */,
				20AC1BF22141A19200E05465 /* Assets.xcassets in Resources */,
				20AC1BF02141A19200E05465 /* Main.storyboard in Resources */,
			);
			runOnlyForDeploymentPostprocessing = 0;
		};
		20AC1BF92141A19200E05465 /* Resources */ = {
			isa = PBXResourcesBuildPhase;
			buildActionMask = 2147483647;
			files = (
			);
			runOnlyForDeploymentPostprocessing = 0;
		};
/* End PBXResourcesBuildPhase section */

/* Begin PBXShellScriptBuildPhase section */
		A3C743A34A3C939714ADF487 /* [CP] Check Pods Manifest.lock */ = {
			isa = PBXShellScriptBuildPhase;
			buildActionMask = 2147483647;
			files = (
			);
			inputPaths = (
				"${PODS_PODFILE_DIR_PATH}/Podfile.lock",
				"${PODS_ROOT}/Manifest.lock",
			);
			name = "[CP] Check Pods Manifest.lock";
			outputPaths = (
				"$(DERIVED_FILE_DIR)/Pods-companion-checkManifestLockResult.txt",
			);
			runOnlyForDeploymentPostprocessing = 0;
			shellPath = /bin/sh;
			shellScript = "diff \"${PODS_PODFILE_DIR_PATH}/Podfile.lock\" \"${PODS_ROOT}/Manifest.lock\" > /dev/null\nif [ $? != 0 ] ; then\n    # print error to STDERR\n    echo \"error: The sandbox is not in sync with the Podfile.lock. Run 'pod install' or update your CocoaPods installation.\" >&2\n    exit 1\nfi\n# This output is used by Xcode 'outputs' to avoid re-running this script phase.\necho \"SUCCESS\" > \"${SCRIPT_OUTPUT_FILE_0}\"\n";
			showEnvVarsInLog = 0;
		};
		D4933477A92250BF951A9941 /* [CP] Embed Pods Frameworks */ = {
			isa = PBXShellScriptBuildPhase;
			buildActionMask = 2147483647;
			files = (
			);
			inputPaths = (
				"${SRCROOT}/Pods/Target Support Files/Pods-companion/Pods-companion-frameworks.sh",
				"${BUILT_PRODUCTS_DIR}/iBeaconManager/iBeaconManager.framework",
			);
			name = "[CP] Embed Pods Frameworks";
			outputPaths = (
				"${TARGET_BUILD_DIR}/${FRAMEWORKS_FOLDER_PATH}/iBeaconManager.framework",
			);
			runOnlyForDeploymentPostprocessing = 0;
			shellPath = /bin/sh;
			shellScript = "\"${SRCROOT}/Pods/Target Support Files/Pods-companion/Pods-companion-frameworks.sh\"\n";
			showEnvVarsInLog = 0;
		};
		DE84C9807F5A557D3B3FCB04 /* [CP] Check Pods Manifest.lock */ = {
			isa = PBXShellScriptBuildPhase;
			buildActionMask = 2147483647;
			files = (
			);
			inputPaths = (
				"${PODS_PODFILE_DIR_PATH}/Podfile.lock",
				"${PODS_ROOT}/Manifest.lock",
			);
			name = "[CP] Check Pods Manifest.lock";
			outputPaths = (
				"$(DERIVED_FILE_DIR)/Pods-companionTests-checkManifestLockResult.txt",
			);
			runOnlyForDeploymentPostprocessing = 0;
			shellPath = /bin/sh;
			shellScript = "diff \"${PODS_PODFILE_DIR_PATH}/Podfile.lock\" \"${PODS_ROOT}/Manifest.lock\" > /dev/null\nif [ $? != 0 ] ; then\n    # print error to STDERR\n    echo \"error: The sandbox is not in sync with the Podfile.lock. Run 'pod install' or update your CocoaPods installation.\" >&2\n    exit 1\nfi\n# This output is used by Xcode 'outputs' to avoid re-running this script phase.\necho \"SUCCESS\" > \"${SCRIPT_OUTPUT_FILE_0}\"\n";
			showEnvVarsInLog = 0;
		};
/* End PBXShellScriptBuildPhase section */

/* Begin PBXSourcesBuildPhase section */
		20AC1BE32141A19200E05465 /* Sources */ = {
			isa = PBXSourcesBuildPhase;
			buildActionMask = 2147483647;
			files = (
				802806DC214CD020009CC42B /* LogHistoryCell.swift in Sources */,
				209DB950214B117300D81ABD /* viewControllers.swift in Sources */,
				20587CDE214AE35F004B60A2 /* NetworkManager.swift in Sources */,
				20587CD9214AE0D0004B60A2 /* User.swift in Sources */,
				209DB952214B117300D81ABD /* UIColor+Extension.swift in Sources */,
				209DB954214B117300D81ABD /* String+Extensions.swift in Sources */,
				209DB94E214B117300D81ABD /* Date+Extensions.swift in Sources */,
				20587CD7214AE00F004B60A2 /* Beacon.swift in Sources */,
				20587CE0214AE3F8004B60A2 /* BeaconServices.swift in Sources */,
				20AC1BEB2141A19200E05465 /* AppDelegate.swift in Sources */,
				800BBE7D214C29BD006E96CC /* BeaconView.swift in Sources */,
				205EC0E9215AA6DE00B40141 /* Constant.swift in Sources */,
				802806DA214CCE19009CC42B /* LogHistoryController.swift in Sources */,
				80074E2F2149CA6900AA684C /* UIView+Extension.swift in Sources */,
				80074E2C2149BE7800AA684C /* ScanBeaconController.swift in Sources */,
				20A0E5D52152EB4B00F0F049 /* UserServices.swift in Sources */,
				209DB947214B0FDB00D81ABD /* AttendanceServices.swift in Sources */,
				20587CDB214AE159004B60A2 /* Attendance.swift in Sources */,
				2019D7592163E6D500F8AB25 /* GeofenceServices.swift in Sources */,
			);
			runOnlyForDeploymentPostprocessing = 0;
		};
		20AC1BF72141A19200E05465 /* Sources */ = {
			isa = PBXSourcesBuildPhase;
			buildActionMask = 2147483647;
			files = (
				209DB948214B0FDB00D81ABD /* AttendanceServices.swift in Sources */,
				20AC1C002141A19200E05465 /* companionTests.swift in Sources */,
			);
			runOnlyForDeploymentPostprocessing = 0;
		};
/* End PBXSourcesBuildPhase section */

/* Begin PBXTargetDependency section */
		20AC1BFD2141A19200E05465 /* PBXTargetDependency */ = {
			isa = PBXTargetDependency;
			target = 20AC1BE62141A19200E05465 /* companion */;
			targetProxy = 20AC1BFC2141A19200E05465 /* PBXContainerItemProxy */;
		};
/* End PBXTargetDependency section */

/* Begin PBXVariantGroup section */
		20AC1BEE2141A19200E05465 /* Main.storyboard */ = {
			isa = PBXVariantGroup;
			children = (
				20AC1BEF2141A19200E05465 /* Base */,
			);
			name = Main.storyboard;
			sourceTree = "<group>";
		};
		20AC1BF32141A19200E05465 /* LaunchScreen.storyboard */ = {
			isa = PBXVariantGroup;
			children = (
				20AC1BF42141A19200E05465 /* Base */,
			);
			name = LaunchScreen.storyboard;
			sourceTree = "<group>";
		};
/* End PBXVariantGroup section */

/* Begin XCBuildConfiguration section */
		20AC1C022141A19200E05465 /* Debug */ = {
			isa = XCBuildConfiguration;
			buildSettings = {
				ALWAYS_SEARCH_USER_PATHS = NO;
				CLANG_ANALYZER_NONNULL = YES;
				CLANG_ANALYZER_NUMBER_OBJECT_CONVERSION = YES_AGGRESSIVE;
				CLANG_CXX_LANGUAGE_STANDARD = "gnu++14";
				CLANG_CXX_LIBRARY = "libc++";
				CLANG_ENABLE_MODULES = YES;
				CLANG_ENABLE_OBJC_ARC = YES;
				CLANG_ENABLE_OBJC_WEAK = YES;
				CLANG_WARN_BLOCK_CAPTURE_AUTORELEASING = YES;
				CLANG_WARN_BOOL_CONVERSION = YES;
				CLANG_WARN_COMMA = YES;
				CLANG_WARN_CONSTANT_CONVERSION = YES;
				CLANG_WARN_DEPRECATED_OBJC_IMPLEMENTATIONS = YES;
				CLANG_WARN_DIRECT_OBJC_ISA_USAGE = YES_ERROR;
				CLANG_WARN_DOCUMENTATION_COMMENTS = YES;
				CLANG_WARN_EMPTY_BODY = YES;
				CLANG_WARN_ENUM_CONVERSION = YES;
				CLANG_WARN_INFINITE_RECURSION = YES;
				CLANG_WARN_INT_CONVERSION = YES;
				CLANG_WARN_NON_LITERAL_NULL_CONVERSION = YES;
				CLANG_WARN_OBJC_IMPLICIT_RETAIN_SELF = YES;
				CLANG_WARN_OBJC_LITERAL_CONVERSION = YES;
				CLANG_WARN_OBJC_ROOT_CLASS = YES_ERROR;
				CLANG_WARN_RANGE_LOOP_ANALYSIS = YES;
				CLANG_WARN_STRICT_PROTOTYPES = YES;
				CLANG_WARN_SUSPICIOUS_MOVE = YES;
				CLANG_WARN_UNGUARDED_AVAILABILITY = YES_AGGRESSIVE;
				CLANG_WARN_UNREACHABLE_CODE = YES;
				CLANG_WARN__DUPLICATE_METHOD_MATCH = YES;
				CODE_SIGN_IDENTITY = "iPhone Developer";
				COPY_PHASE_STRIP = NO;
				DEBUG_INFORMATION_FORMAT = dwarf;
				ENABLE_STRICT_OBJC_MSGSEND = YES;
				ENABLE_TESTABILITY = YES;
				GCC_C_LANGUAGE_STANDARD = gnu11;
				GCC_DYNAMIC_NO_PIC = NO;
				GCC_NO_COMMON_BLOCKS = YES;
				GCC_OPTIMIZATION_LEVEL = 0;
				GCC_PREPROCESSOR_DEFINITIONS = (
					"DEBUG=1",
					"$(inherited)",
				);
				GCC_WARN_64_TO_32_BIT_CONVERSION = YES;
				GCC_WARN_ABOUT_RETURN_TYPE = YES_ERROR;
				GCC_WARN_UNDECLARED_SELECTOR = YES;
				GCC_WARN_UNINITIALIZED_AUTOS = YES_AGGRESSIVE;
				GCC_WARN_UNUSED_FUNCTION = YES;
				GCC_WARN_UNUSED_VARIABLE = YES;
				IPHONEOS_DEPLOYMENT_TARGET = 11.4;
				MTL_ENABLE_DEBUG_INFO = YES;
				ONLY_ACTIVE_ARCH = YES;
				SDKROOT = iphoneos;
				SWIFT_ACTIVE_COMPILATION_CONDITIONS = DEBUG;
				SWIFT_OPTIMIZATION_LEVEL = "-Onone";
			};
			name = Debug;
		};
		20AC1C032141A19200E05465 /* Release */ = {
			isa = XCBuildConfiguration;
			buildSettings = {
				ALWAYS_SEARCH_USER_PATHS = NO;
				CLANG_ANALYZER_NONNULL = YES;
				CLANG_ANALYZER_NUMBER_OBJECT_CONVERSION = YES_AGGRESSIVE;
				CLANG_CXX_LANGUAGE_STANDARD = "gnu++14";
				CLANG_CXX_LIBRARY = "libc++";
				CLANG_ENABLE_MODULES = YES;
				CLANG_ENABLE_OBJC_ARC = YES;
				CLANG_ENABLE_OBJC_WEAK = YES;
				CLANG_WARN_BLOCK_CAPTURE_AUTORELEASING = YES;
				CLANG_WARN_BOOL_CONVERSION = YES;
				CLANG_WARN_COMMA = YES;
				CLANG_WARN_CONSTANT_CONVERSION = YES;
				CLANG_WARN_DEPRECATED_OBJC_IMPLEMENTATIONS = YES;
				CLANG_WARN_DIRECT_OBJC_ISA_USAGE = YES_ERROR;
				CLANG_WARN_DOCUMENTATION_COMMENTS = YES;
				CLANG_WARN_EMPTY_BODY = YES;
				CLANG_WARN_ENUM_CONVERSION = YES;
				CLANG_WARN_INFINITE_RECURSION = YES;
				CLANG_WARN_INT_CONVERSION = YES;
				CLANG_WARN_NON_LITERAL_NULL_CONVERSION = YES;
				CLANG_WARN_OBJC_IMPLICIT_RETAIN_SELF = YES;
				CLANG_WARN_OBJC_LITERAL_CONVERSION = YES;
				CLANG_WARN_OBJC_ROOT_CLASS = YES_ERROR;
				CLANG_WARN_RANGE_LOOP_ANALYSIS = YES;
				CLANG_WARN_STRICT_PROTOTYPES = YES;
				CLANG_WARN_SUSPICIOUS_MOVE = YES;
				CLANG_WARN_UNGUARDED_AVAILABILITY = YES_AGGRESSIVE;
				CLANG_WARN_UNREACHABLE_CODE = YES;
				CLANG_WARN__DUPLICATE_METHOD_MATCH = YES;
				CODE_SIGN_IDENTITY = "iPhone Developer";
				COPY_PHASE_STRIP = NO;
				DEBUG_INFORMATION_FORMAT = "dwarf-with-dsym";
				ENABLE_NS_ASSERTIONS = NO;
				ENABLE_STRICT_OBJC_MSGSEND = YES;
				GCC_C_LANGUAGE_STANDARD = gnu11;
				GCC_NO_COMMON_BLOCKS = YES;
				GCC_WARN_64_TO_32_BIT_CONVERSION = YES;
				GCC_WARN_ABOUT_RETURN_TYPE = YES_ERROR;
				GCC_WARN_UNDECLARED_SELECTOR = YES;
				GCC_WARN_UNINITIALIZED_AUTOS = YES_AGGRESSIVE;
				GCC_WARN_UNUSED_FUNCTION = YES;
				GCC_WARN_UNUSED_VARIABLE = YES;
				IPHONEOS_DEPLOYMENT_TARGET = 11.4;
				MTL_ENABLE_DEBUG_INFO = NO;
				SDKROOT = iphoneos;
				SWIFT_COMPILATION_MODE = wholemodule;
				SWIFT_OPTIMIZATION_LEVEL = "-O";
				VALIDATE_PRODUCT = YES;
			};
			name = Release;
		};
		20AC1C052141A19200E05465 /* Debug */ = {
			isa = XCBuildConfiguration;
			baseConfigurationReference = 90A30F77EE29664E0E42FF24 /* Pods-companion.debug.xcconfig */;
			buildSettings = {
				ASSETCATALOG_COMPILER_APPICON_NAME = AppIcon;
				CODE_SIGN_STYLE = Automatic;
				DEVELOPMENT_TEAM = 854F25WCHE;
				INFOPLIST_FILE = "$(SRCROOT)/companion/Support Files/Info.plist";
				LD_RUNPATH_SEARCH_PATHS = (
					"$(inherited)",
					"@executable_path/Frameworks",
				);
				PRODUCT_BUNDLE_IDENTIFIER = com.makeschool.companion;
				PRODUCT_NAME = "$(TARGET_NAME)";
				SWIFT_VERSION = 4.0;
				TARGETED_DEVICE_FAMILY = 1;
			};
			name = Debug;
		};
		20AC1C062141A19200E05465 /* Release */ = {
			isa = XCBuildConfiguration;
			baseConfigurationReference = 61F83C0A19417ECCBF8797EF /* Pods-companion.release.xcconfig */;
			buildSettings = {
				ASSETCATALOG_COMPILER_APPICON_NAME = AppIcon;
				CODE_SIGN_STYLE = Automatic;
				DEVELOPMENT_TEAM = 854F25WCHE;
				INFOPLIST_FILE = "$(SRCROOT)/companion/Support Files/Info.plist";
				LD_RUNPATH_SEARCH_PATHS = (
					"$(inherited)",
					"@executable_path/Frameworks",
				);
				PRODUCT_BUNDLE_IDENTIFIER = com.makeschool.companion;
				PRODUCT_NAME = "$(TARGET_NAME)";
				SWIFT_VERSION = 4.0;
				TARGETED_DEVICE_FAMILY = 1;
			};
			name = Release;
		};
		20AC1C082141A19200E05465 /* Debug */ = {
			isa = XCBuildConfiguration;
			baseConfigurationReference = B997025132705622CE816D75 /* Pods-companionTests.debug.xcconfig */;
			buildSettings = {
				ALWAYS_EMBED_SWIFT_STANDARD_LIBRARIES = YES;
				BUNDLE_LOADER = "$(TEST_HOST)";
				CODE_SIGN_STYLE = Automatic;
				INFOPLIST_FILE = companionTests/Info.plist;
				LD_RUNPATH_SEARCH_PATHS = (
					"$(inherited)",
					"@executable_path/Frameworks",
					"@loader_path/Frameworks",
				);
				PRODUCT_BUNDLE_IDENTIFIER = com.makeschool.companionTests;
				PRODUCT_NAME = "$(TARGET_NAME)";
				SWIFT_VERSION = 4.0;
				TARGETED_DEVICE_FAMILY = "1,2";
				TEST_HOST = "$(BUILT_PRODUCTS_DIR)/companion.app/companion";
			};
			name = Debug;
		};
		20AC1C092141A19200E05465 /* Release */ = {
			isa = XCBuildConfiguration;
			baseConfigurationReference = 1F1DF813115A5D40E7E32482 /* Pods-companionTests.release.xcconfig */;
			buildSettings = {
				ALWAYS_EMBED_SWIFT_STANDARD_LIBRARIES = YES;
				BUNDLE_LOADER = "$(TEST_HOST)";
				CODE_SIGN_STYLE = Automatic;
				INFOPLIST_FILE = companionTests/Info.plist;
				LD_RUNPATH_SEARCH_PATHS = (
					"$(inherited)",
					"@executable_path/Frameworks",
					"@loader_path/Frameworks",
				);
				PRODUCT_BUNDLE_IDENTIFIER = com.makeschool.companionTests;
				PRODUCT_NAME = "$(TARGET_NAME)";
				SWIFT_VERSION = 4.0;
				TARGETED_DEVICE_FAMILY = "1,2";
				TEST_HOST = "$(BUILT_PRODUCTS_DIR)/companion.app/companion";
			};
			name = Release;
		};
/* End XCBuildConfiguration section */

/* Begin XCConfigurationList section */
		20AC1BE22141A19200E05465 /* Build configuration list for PBXProject "companion" */ = {
			isa = XCConfigurationList;
			buildConfigurations = (
				20AC1C022141A19200E05465 /* Debug */,
				20AC1C032141A19200E05465 /* Release */,
			);
			defaultConfigurationIsVisible = 0;
			defaultConfigurationName = Release;
		};
		20AC1C042141A19200E05465 /* Build configuration list for PBXNativeTarget "companion" */ = {
			isa = XCConfigurationList;
			buildConfigurations = (
				20AC1C052141A19200E05465 /* Debug */,
				20AC1C062141A19200E05465 /* Release */,
			);
			defaultConfigurationIsVisible = 0;
			defaultConfigurationName = Release;
		};
		20AC1C072141A19200E05465 /* Build configuration list for PBXNativeTarget "companionTests" */ = {
			isa = XCConfigurationList;
			buildConfigurations = (
				20AC1C082141A19200E05465 /* Debug */,
				20AC1C092141A19200E05465 /* Release */,
			);
			defaultConfigurationIsVisible = 0;
			defaultConfigurationName = Release;
		};
/* End XCConfigurationList section */
	};
	rootObject = 20AC1BDF2141A19200E05465 /* Project object */;
}
